{
  "name": "mop-flow",
  "version": "1.4.2",
  "lockfileVersion": 3,
  "requires": true,
  "packages": {
    "": {
      "name": "mop-flow",
      "version": "1.4.2",
      "license": "UNLICENSED",
      "bin": {
        "burhan-mop": "bin/burhan-mop.mjs",
        "mop-core": "bin/mop-core.mjs",
        "mop-flow": "bin/mop-flow.mjs",
        "mop-workflow": "bin/mop-workflow.mjs"
      },
      "engines": {
        "node": ">=20"
      }
    }
  }
}
